
Microsoft Visual Studio Solution File, Format Version 12.00
# Visual Studio Version 16
VisualStudioVersion = 16.0.31529.145
MinimumVisualStudioVersion = 10.0.40219.1
Project("{FAE04EC0-301F-11D3-BF4B-00C04F79EFBC}") = "dotnet-isolated1", "dotnet-isolated1.csproj", "{804EA98E-0775-4965-833B-BBE1F50B8024}"
EndProject
Global
	GlobalSection(SolutionConfigurationPlatforms) = preSolution
		Debug|Any CPU = Debug|Any CPU
		Release|Any CPU = Release|Any CPU
	EndGlobalSection
	GlobalSection(ProjectConfigurationPlatforms) = postSolution
		{804EA98E-0775-4965-833B-BBE1F50B8024}.Debug|Any CPU.ActiveCfg = Debug|Any CPU
		{804EA98E-0775-4965-833B-BBE1F50B8024}.Debug|Any CPU.Build.0 = Debug|Any CPU
		{804EA98E-0775-4965-833B-BBE1F50B8024}.Release|Any CPU.ActiveCfg = Release|Any CPU
		{804EA98E-0775-4965-833B-BBE1F50B8024}.Release|Any CPU.Build.0 = Release|Any CPU
	EndGlobalSection
	GlobalSection(SolutionProperties) = preSolution
		HideSolutionNode = FALSE
	EndGlobalSection
	GlobalSection(ExtensibilityGlobals) = postSolution
		SolutionGuid = {DCE488C0-E1B6-4C8A-A30B-A278C1CB4286}
	EndGlobalSection
EndGlobal
